
Microsoft Visual Studio Solution File, Format Version 12.00
# Visual Studio Version 17
VisualStudioVersion = 17.14.36017.23
MinimumVisualStudioVersion = 10.0.40219.1
Project("{FAE04EC0-301F-11D3-BF4B-00C04F79EFBC}") = "LibraryManagement", "LibraryManagement.csproj", "{3C5DCD0A-BB43-4BA6-9B2C-CE60C17F57E4}"
EndProject
Global
	GlobalSection(SolutionConfigurationPlatforms) = preSolution
		Debug|Any CPU = Debug|Any CPU
		Release|Any CPU = Release|Any CPU
	EndGlobalSection
	GlobalSection(ProjectConfigurationPlatforms) = postSolution
		{3C5DCD0A-BB43-4BA6-9B2C-CE60C17F57E4}.Debug|Any CPU.ActiveCfg = Debug|Any CPU
		{3C5DCD0A-BB43-4BA6-9B2C-CE60C17F57E4}.Debug|Any CPU.Build.0 = Debug|Any CPU
		{3C5DCD0A-BB43-4BA6-9B2C-CE60C17F57E4}.Release|Any CPU.ActiveCfg = Release|Any CPU
		{3C5DCD0A-BB43-4BA6-9B2C-CE60C17F57E4}.Release|Any CPU.Build.0 = Release|Any CPU
	EndGlobalSection
	GlobalSection(SolutionProperties) = preSolution
		HideSolutionNode = FALSE
	EndGlobalSection
	GlobalSection(ExtensibilityGlobals) = postSolution
		SolutionGuid = {943D1993-E310-4000-8C56-180C2EAF7180}
	EndGlobalSection
EndGlobal
